
Microsoft Visual Studio Solution File, Format Version 12.00
# Visual Studio Version 17
VisualStudioVersion = 17.7.34024.191
MinimumVisualStudioVersion = 10.0.40219.1
Project("{FAE04EC0-301F-11D3-BF4B-00C04F79EFBC}") = "WPF-01", "WPF-01\WPF-01.csproj", "{5F79346B-075A-43DE-9782-E7BE2DF937D1}"
EndProject
Global
	GlobalSection(SolutionConfigurationPlatforms) = preSolution
		Debug|Any CPU = Debug|Any CPU
		Release|Any CPU = Release|Any CPU
	EndGlobalSection
	GlobalSection(ProjectConfigurationPlatforms) = postSolution
		{5F79346B-075A-43DE-9782-E7BE2DF937D1}.Debug|Any CPU.ActiveCfg = Debug|Any CPU
		{5F79346B-075A-43DE-9782-E7BE2DF937D1}.Debug|Any CPU.Build.0 = Debug|Any CPU
		{5F79346B-075A-43DE-9782-E7BE2DF937D1}.Release|Any CPU.ActiveCfg = Release|Any CPU
		{5F79346B-075A-43DE-9782-E7BE2DF937D1}.Release|Any CPU.Build.0 = Release|Any CPU
	EndGlobalSection
	GlobalSection(SolutionProperties) = preSolution
		HideSolutionNode = FALSE
	EndGlobalSection
	GlobalSection(ExtensibilityGlobals) = postSolution
		SolutionGuid = {249C3886-8858-4AC1-94D9-400DFF76C2D5}
	EndGlobalSection
EndGlobal
